
Microsoft Visual Studio Solution File, Format Version 12.00
# Visual Studio Version 17
VisualStudioVersion = 17.3.32929.385
MinimumVisualStudioVersion = 10.0.40219.1
Project("{9A19103F-16F7-4668-BE54-9A1E7A4F7556}") = "Setting Time", "Setting Time.csproj", "{4BE53287-9B1B-4E79-BB22-30F54CB37249}"
EndProject
Global
	GlobalSection(SolutionConfigurationPlatforms) = preSolution
		Debug|Any CPU = Debug|Any CPU
		Release|Any CPU = Release|Any CPU
	EndGlobalSection
	GlobalSection(ProjectConfigurationPlatforms) = postSolution
		{4BE53287-9B1B-4E79-BB22-30F54CB37249}.Debug|Any CPU.ActiveCfg = Debug|Any CPU
		{4BE53287-9B1B-4E79-BB22-30F54CB37249}.Debug|Any CPU.Build.0 = Debug|Any CPU
		{4BE53287-9B1B-4E79-BB22-30F54CB37249}.Release|Any CPU.ActiveCfg = Release|Any CPU
		{4BE53287-9B1B-4E79-BB22-30F54CB37249}.Release|Any CPU.Build.0 = Release|Any CPU
	EndGlobalSection
	GlobalSection(SolutionProperties) = preSolution
		HideSolutionNode = FALSE
	EndGlobalSection
	GlobalSection(ExtensibilityGlobals) = postSolution
		SolutionGuid = {EA2AA64B-09AF-4CEE-B054-C9FB29CCE4E5}
	EndGlobalSection
EndGlobal
